
Microsoft Visual Studio Solution File, Format Version 12.00
# Visual Studio Version 16
VisualStudioVersion = 16.0.31129.286
MinimumVisualStudioVersion = 10.0.40219.1
Project("{FAE04EC0-301F-11D3-BF4B-00C04F79EFBC}") = "BookCatalog", "BookCatalog\BookCatalog.csproj", "{48D60E66-21B3-46AB-90C2-9B0184DB000C}"
EndProject
Project("{FAE04EC0-301F-11D3-BF4B-00C04F79EFBC}") = "DataAccess", "DataAccess\DataAccess.csproj", "{CE44C57A-8998-42E7-941F-261F31EE0C1A}"
EndProject
Global
	GlobalSection(SolutionConfigurationPlatforms) = preSolution
		Debug|Any CPU = Debug|Any CPU
		Release|Any CPU = Release|Any CPU
	EndGlobalSection
	GlobalSection(ProjectConfigurationPlatforms) = postSolution
		{48D60E66-21B3-46AB-90C2-9B0184DB000C}.Debug|Any CPU.ActiveCfg = Debug|Any CPU
		{48D60E66-21B3-46AB-90C2-9B0184DB000C}.Debug|Any CPU.Build.0 = Debug|Any CPU
		{48D60E66-21B3-46AB-90C2-9B0184DB000C}.Release|Any CPU.ActiveCfg = Release|Any CPU
		{48D60E66-21B3-46AB-90C2-9B0184DB000C}.Release|Any CPU.Build.0 = Release|Any CPU
		{CE44C57A-8998-42E7-941F-261F31EE0C1A}.Debug|Any CPU.ActiveCfg = Debug|Any CPU
		{CE44C57A-8998-42E7-941F-261F31EE0C1A}.Debug|Any CPU.Build.0 = Debug|Any CPU
		{CE44C57A-8998-42E7-941F-261F31EE0C1A}.Release|Any CPU.ActiveCfg = Release|Any CPU
		{CE44C57A-8998-42E7-941F-261F31EE0C1A}.Release|Any CPU.Build.0 = Release|Any CPU
	EndGlobalSection
	GlobalSection(SolutionProperties) = preSolution
		HideSolutionNode = FALSE
	EndGlobalSection
	GlobalSection(ExtensibilityGlobals) = postSolution
		SolutionGuid = {D18B81B7-62F3-4427-82DE-5BCFF51D76C3}
	EndGlobalSection
EndGlobal
